{
  "name": "@yb5/openready",
  "version": "0.1.1",
  "lockfileVersion": 3,
  "requires": true,
  "packages": {
    "": {
      "name": "@yb5/openready",
      "version": "0.1.1",
      "license": "MIT",
      "bin": {
        "openready": "bin/openready.js"
      },
      "engines": {
        "node": ">=20"
      }
    }
  }
}
